
Microsoft Visual Studio Solution File, Format Version 12.00
# Visual Studio Version 17
VisualStudioVersion = 17.0.32112.339
MinimumVisualStudioVersion = 10.0.40219.1
Project("{FAE04EC0-301F-11D3-BF4B-00C04F79EFBC}") = "Warehouse", "Warehouse\Warehouse.csproj", "{9B7B45BC-AA84-425D-B5DE-1B59E9141DB4}"
EndProject
Project("{FAE04EC0-301F-11D3-BF4B-00C04F79EFBC}") = "Warehouse.Core", "Warehouse.Core\Warehouse.Core.csproj", "{9EEBAB99-47FE-4727-9E31-AAA4DB1766CC}"
EndProject
Project("{FAE04EC0-301F-11D3-BF4B-00C04F79EFBC}") = "Warehouse.infrastructure", "Warehouse.infrastructure\Warehouse.infrastructure.csproj", "{150EFC57-FE21-4B31-8C21-A70744B9B2C1}"
EndProject
Global
	GlobalSection(SolutionConfigurationPlatforms) = preSolution
		Debug|Any CPU = Debug|Any CPU
		Release|Any CPU = Release|Any CPU
	EndGlobalSection
	GlobalSection(ProjectConfigurationPlatforms) = postSolution
		{9B7B45BC-AA84-425D-B5DE-1B59E9141DB4}.Debug|Any CPU.ActiveCfg = Debug|Any CPU
		{9B7B45BC-AA84-425D-B5DE-1B59E9141DB4}.Debug|Any CPU.Build.0 = Debug|Any CPU
		{9B7B45BC-AA84-425D-B5DE-1B59E9141DB4}.Release|Any CPU.ActiveCfg = Release|Any CPU
		{9B7B45BC-AA84-425D-B5DE-1B59E9141DB4}.Release|Any CPU.Build.0 = Release|Any CPU
		{9EEBAB99-47FE-4727-9E31-AAA4DB1766CC}.Debug|Any CPU.ActiveCfg = Debug|Any CPU
		{9EEBAB99-47FE-4727-9E31-AAA4DB1766CC}.Debug|Any CPU.Build.0 = Debug|Any CPU
		{9EEBAB99-47FE-4727-9E31-AAA4DB1766CC}.Release|Any CPU.ActiveCfg = Release|Any CPU
		{9EEBAB99-47FE-4727-9E31-AAA4DB1766CC}.Release|Any CPU.Build.0 = Release|Any CPU
		{150EFC57-FE21-4B31-8C21-A70744B9B2C1}.Debug|Any CPU.ActiveCfg = Debug|Any CPU
		{150EFC57-FE21-4B31-8C21-A70744B9B2C1}.Debug|Any CPU.Build.0 = Debug|Any CPU
		{150EFC57-FE21-4B31-8C21-A70744B9B2C1}.Release|Any CPU.ActiveCfg = Release|Any CPU
		{150EFC57-FE21-4B31-8C21-A70744B9B2C1}.Release|Any CPU.Build.0 = Release|Any CPU
	EndGlobalSection
	GlobalSection(SolutionProperties) = preSolution
		HideSolutionNode = FALSE
	EndGlobalSection
	GlobalSection(ExtensibilityGlobals) = postSolution
		SolutionGuid = {A736BCDA-5E0D-413D-B00D-6997F60136A7}
	EndGlobalSection
EndGlobal
